{
  "version": 4,
  "terraform_version": "1.6.5",
  "serial": 2,
  "lineage": "bec1d77a-d545-4d90-0384-752f929cf976",
  "outputs": {},
  "resources": [
    {
      "mode": "managed",
      "type": "local_file",
      "name": "foo",
      "provider": "provider[\"registry.terraform.io/hashicorp/local\"]",
      "instances": [
        {
          "schema_version": 0,
          "attributes": {
            "content": "foo-45",
            "content_base64": null,
            "content_base64sha256": "oVgr1n6ehSKLRNKcyplkk4spCA3EU7RdXXvWbg7DEU8=",
            "content_base64sha512": "Io3Li7UrTnDUIIemAgYn1FRh7CuxLVToyo0Y60RY0DAZGW6Wk/J2RIm/FnPfGJDLAg23aZOY2m1+3CUatWP+Tg==",
            "content_md5": "1c7b31a9ce39a78eb2ab622f470ffe5c",
            "content_sha1": "fb82b15e07896f00454ebe32eba3d7cf9cc68129",
            "content_sha256": "a1582bd67e9e85228b44d29cca9964938b29080dc453b45d5d7bd66e0ec3114f",
            "content_sha512": "228dcb8bb52b4e70d42087a6020627d45461ec2bb12d54e8ca8d18eb4458d03019196e9693f2764489bf1673df1890cb020db7699398da6d7edc251ab563fe4e",
            "directory_permission": "0777",
            "file_permission": "0777",
            "filename": "/Users/daisydharshini/Documents/sam_tf.txt",
            "id": "fb82b15e07896f00454ebe32eba3d7cf9cc68129",
            "sensitive_content": null,
            "source": null
          },
          "sensitive_attributes": []
        }
      ]
    }
  ],
  "check_results": null
}
