{
  "version": 4,
  "terraform_version": "1.6.5",
  "serial": 4,
  "lineage": "bec1d77a-d545-4d90-0384-752f929cf976",
  "outputs": {},
  "resources": [
    {
      "mode": "managed",
      "type": "local_file",
      "name": "foo",
      "provider": "provider[\"registry.terraform.io/hashicorp/local\"]",
      "instances": [
        {
          "schema_version": 0,
          "attributes": {
            "content": "foo-90",
            "content_base64": null,
            "content_base64sha256": "YFmebT9irAbtxxaV1LViF+sAfJH1CJmWKauO7DC3r3Y=",
            "content_base64sha512": "FL/VE7kA7Mgqi2nYppT/7piFQYOwfHTcSjmTT2kSJimv9QNSJCt2d1UKQKcNZpya90cRv6CRuefIFWG0jjuijA==",
            "content_md5": "5e0209293ed27ff86b9231cfb574b4f4",
            "content_sha1": "bcf024849b527ac848322117ed342066a8fedfae",
            "content_sha256": "60599e6d3f62ac06edc71695d4b56217eb007c91f508999629ab8eec30b7af76",
            "content_sha512": "14bfd513b900ecc82a8b69d8a694ffee98854183b07c74dc4a39934f69122629aff50352242b7677550a40a70d669c9af74711bfa091b9e7c81561b48e3ba28c",
            "directory_permission": "0777",
            "file_permission": "0777",
            "filename": "/Users/daisydharshini/Documents/sam_tf.txt",
            "id": "bcf024849b527ac848322117ed342066a8fedfae",
            "sensitive_content": null,
            "source": null
          },
          "sensitive_attributes": []
        }
      ]
    }
  ],
  "check_results": []
}
